// !$*UTF8*$!
{
	archiveVersion = 1;
	classes = {
	};
	objectVersion = 55;
	objects = {

/* Begin PBXBuildFile section */
		B75B6C5427C5993600C410C3 /* FirebaseAnalytics in Frameworks */ = {isa = PBXBuildFile; productRef = B75B6C5327C5993600C410C3 /* FirebaseAnalytics */; };
		B75B6C5627C5993600C410C3 /* FirebaseAnalyticsSwift-Beta in Frameworks */ = {isa = PBXBuildFile; productRef = B75B6C5527C5993600C410C3 /* FirebaseAnalyticsSwift-Beta */; };
		B75B6C5827C5993600C410C3 /* FirebaseAnalyticsWithoutAdIdSupport in Frameworks */ = {isa = PBXBuildFile; productRef = B75B6C5727C5993600C410C3 /* FirebaseAnalyticsWithoutAdIdSupport */; };
		B75B6C5A27C5993600C410C3 /* FirebaseAppCheck in Frameworks */ = {isa = PBXBuildFile; productRef = B75B6C5927C5993600C410C3 /* FirebaseAppCheck */; };
		B75B6C5C27C5993600C410C3 /* FirebaseAppDistribution-Beta in Frameworks */ = {isa = PBXBuildFile; productRef = B75B6C5B27C5993600C410C3 /* FirebaseAppDistribution-Beta */; };
		B75B6C5E27C5993600C410C3 /* FirebaseAuth in Frameworks */ = {isa = PBXBuildFile; productRef = B75B6C5D27C5993600C410C3 /* FirebaseAuth */; };
		B75B6C6027C5993600C410C3 /* FirebaseAuthCombine-Community in Frameworks */ = {isa = PBXBuildFile; productRef = B75B6C5F27C5993600C410C3 /* FirebaseAuthCombine-Community */; };
		B75B6C6227C5993600C410C3 /* FirebaseCrashlytics in Frameworks */ = {isa = PBXBuildFile; productRef = B75B6C6127C5993600C410C3 /* FirebaseCrashlytics */; };
		B75B6C6427C5993600C410C3 /* FirebaseDatabase in Frameworks */ = {isa = PBXBuildFile; productRef = B75B6C6327C5993600C410C3 /* FirebaseDatabase */; };
		B75B6C6627C5993600C410C3 /* FirebaseDatabaseSwift-Beta in Frameworks */ = {isa = PBXBuildFile; productRef = B75B6C6527C5993600C410C3 /* FirebaseDatabaseSwift-Beta */; };
		B75B6C6827C5993600C410C3 /* FirebaseDynamicLinks in Frameworks */ = {isa = PBXBuildFile; productRef = B75B6C6727C5993600C410C3 /* FirebaseDynamicLinks */; };
		B75B6C6A27C5993600C410C3 /* FirebaseFirestore in Frameworks */ = {isa = PBXBuildFile; productRef = B75B6C6927C5993600C410C3 /* FirebaseFirestore */; };
		B75B6C6C27C5993600C410C3 /* FirebaseFirestoreCombine-Community in Frameworks */ = {isa = PBXBuildFile; productRef = B75B6C6B27C5993600C410C3 /* FirebaseFirestoreCombine-Community */; };
		B75B6C6E27C5993600C410C3 /* FirebaseFirestoreSwift-Beta in Frameworks */ = {isa = PBXBuildFile; productRef = B75B6C6D27C5993600C410C3 /* FirebaseFirestoreSwift-Beta */; };
		B75B6C7027C5993600C410C3 /* FirebaseFunctions in Frameworks */ = {isa = PBXBuildFile; productRef = B75B6C6F27C5993600C410C3 /* FirebaseFunctions */; };
		B75B6C7227C5993600C410C3 /* FirebaseFunctionsCombine-Community in Frameworks */ = {isa = PBXBuildFile; productRef = B75B6C7127C5993600C410C3 /* FirebaseFunctionsCombine-Community */; };
		B75B6C7427C5993600C410C3 /* FirebaseFunctionsSwift-Beta in Frameworks */ = {isa = PBXBuildFile; productRef = B75B6C7327C5993600C410C3 /* FirebaseFunctionsSwift-Beta */; };
		B75B6C7627C5993600C410C3 /* FirebaseInAppMessaging-Beta in Frameworks */ = {isa = PBXBuildFile; productRef = B75B6C7527C5993600C410C3 /* FirebaseInAppMessaging-Beta */; };
		B75B6C7827C5993600C410C3 /* FirebaseInAppMessagingSwift-Beta in Frameworks */ = {isa = PBXBuildFile; productRef = B75B6C7727C5993600C410C3 /* FirebaseInAppMessagingSwift-Beta */; };
		B75B6C7A27C5993600C410C3 /* FirebaseInstallations in Frameworks */ = {isa = PBXBuildFile; productRef = B75B6C7927C5993600C410C3 /* FirebaseInstallations */; };
		B75B6C7C27C5993600C410C3 /* FirebaseMLModelDownloader in Frameworks */ = {isa = PBXBuildFile; productRef = B75B6C7B27C5993600C410C3 /* FirebaseMLModelDownloader */; };
		B75B6C7E27C5993600C410C3 /* FirebaseMessaging in Frameworks */ = {isa = PBXBuildFile; productRef = B75B6C7D27C5993600C410C3 /* FirebaseMessaging */; };
		B75B6C8027C5993600C410C3 /* FirebasePerformance in Frameworks */ = {isa = PBXBuildFile; productRef = B75B6C7F27C5993600C410C3 /* FirebasePerformance */; };
		B75B6C8227C5993600C410C3 /* FirebaseRemoteConfig in Frameworks */ = {isa = PBXBuildFile; productRef = B75B6C8127C5993600C410C3 /* FirebaseRemoteConfig */; };
		B75B6C8427C5993600C410C3 /* FirebaseRemoteConfigSwift-Beta in Frameworks */ = {isa = PBXBuildFile; productRef = B75B6C8327C5993600C410C3 /* FirebaseRemoteConfigSwift-Beta */; };
		B75B6C8627C5993600C410C3 /* FirebaseStorage in Frameworks */ = {isa = PBXBuildFile; productRef = B75B6C8527C5993600C410C3 /* FirebaseStorage */; };
		B75B6C8827C5993600C410C3 /* FirebaseStorageCombine-Community in Frameworks */ = {isa = PBXBuildFile; productRef = B75B6C8727C5993600C410C3 /* FirebaseStorageCombine-Community */; };
		B75B6C8A27C5993600C410C3 /* FirebaseStorageSwift-Beta in Frameworks */ = {isa = PBXBuildFile; productRef = B75B6C8927C5993600C410C3 /* FirebaseStorageSwift-Beta */; };
		B7B9166227C056AA007ACDE4 /* KoreApp.swift in Sources */ = {isa = PBXBuildFile; fileRef = B7B9166127C056AA007ACDE4 /* KoreApp.swift */; };
		B7B9166427C056AA007ACDE4 /* ContentView.swift in Sources */ = {isa = PBXBuildFile; fileRef = B7B9166327C056AA007ACDE4 /* ContentView.swift */; };
		B7B9166627C056AC007ACDE4 /* Assets.xcassets in Resources */ = {isa = PBXBuildFile; fileRef = B7B9166527C056AC007ACDE4 /* Assets.xcassets */; };
		B7B9166927C056AC007ACDE4 /* Preview Assets.xcassets in Resources */ = {isa = PBXBuildFile; fileRef = B7B9166827C056AC007ACDE4 /* Preview Assets.xcassets */; };
		B7D58CE927C58FA2005464E4 /* GoogleService-Info.plist in Resources */ = {isa = PBXBuildFile; fileRef = B7D58CE827C58FA2005464E4 /* GoogleService-Info.plist */; };
/* End PBXBuildFile section */

/* Begin PBXFileReference section */
		B7B9165E27C056AA007ACDE4 /* Kore.app */ = {isa = PBXFileReference; explicitFileType = wrapper.application; includeInIndex = 0; path = Kore.app; sourceTree = BUILT_PRODUCTS_DIR; };
		B7B9166127C056AA007ACDE4 /* KoreApp.swift */ = {isa = PBXFileReference; lastKnownFileType = sourcecode.swift; path = KoreApp.swift; sourceTree = "<group>"; };
		B7B9166327C056AA007ACDE4 /* ContentView.swift */ = {isa = PBXFileReference; lastKnownFileType = sourcecode.swift; path = ContentView.swift; sourceTree = "<group>"; };
		B7B9166527C056AC007ACDE4 /* Assets.xcassets */ = {isa = PBXFileReference; lastKnownFileType = folder.assetcatalog; path = Assets.xcassets; sourceTree = "<group>"; };
		B7B9166827C056AC007ACDE4 /* Preview Assets.xcassets */ = {isa = PBXFileReference; lastKnownFileType = folder.assetcatalog; path = "Preview Assets.xcassets"; sourceTree = "<group>"; };
		B7D58CE827C58FA2005464E4 /* GoogleService-Info.plist */ = {isa = PBXFileReference; fileEncoding = 4; lastKnownFileType = text.plist.xml; path = "GoogleService-Info.plist"; sourceTree = "<group>"; };
/* End PBXFileReference section */

/* Begin PBXFrameworksBuildPhase section */
		B7B9165B27C056AA007ACDE4 /* Frameworks */ = {
			isa = PBXFrameworksBuildPhase;
			buildActionMask = 2147483647;
			files = (
				B75B6C6C27C5993600C410C3 /* FirebaseFirestoreCombine-Community in Frameworks */,
				B75B6C6627C5993600C410C3 /* FirebaseDatabaseSwift-Beta in Frameworks */,
				B75B6C6827C5993600C410C3 /* FirebaseDynamicLinks in Frameworks */,
				B75B6C5A27C5993600C410C3 /* FirebaseAppCheck in Frameworks */,
				B75B6C5E27C5993600C410C3 /* FirebaseAuth in Frameworks */,
				B75B6C8A27C5993600C410C3 /* FirebaseStorageSwift-Beta in Frameworks */,
				B75B6C5627C5993600C410C3 /* FirebaseAnalyticsSwift-Beta in Frameworks */,
				B75B6C8427C5993600C410C3 /* FirebaseRemoteConfigSwift-Beta in Frameworks */,
				B75B6C7C27C5993600C410C3 /* FirebaseMLModelDownloader in Frameworks */,
				B75B6C6A27C5993600C410C3 /* FirebaseFirestore in Frameworks */,
				B75B6C7227C5993600C410C3 /* FirebaseFunctionsCombine-Community in Frameworks */,
				B75B6C5C27C5993600C410C3 /* FirebaseAppDistribution-Beta in Frameworks */,
				B75B6C5827C5993600C410C3 /* FirebaseAnalyticsWithoutAdIdSupport in Frameworks */,
				B75B6C6E27C5993600C410C3 /* FirebaseFirestoreSwift-Beta in Frameworks */,
				B75B6C7627C5993600C410C3 /* FirebaseInAppMessaging-Beta in Frameworks */,
				B75B6C6227C5993600C410C3 /* FirebaseCrashlytics in Frameworks */,
				B75B6C6427C5993600C410C3 /* FirebaseDatabase in Frameworks */,
				B75B6C8827C5993600C410C3 /* FirebaseStorageCombine-Community in Frameworks */,
				B75B6C8227C5993600C410C3 /* FirebaseRemoteConfig in Frameworks */,
				B75B6C7427C5993600C410C3 /* FirebaseFunctionsSwift-Beta in Frameworks */,
				B75B6C7027C5993600C410C3 /* FirebaseFunctions in Frameworks */,
				B75B6C8027C5993600C410C3 /* FirebasePerformance in Frameworks */,
				B75B6C7827C5993600C410C3 /* FirebaseInAppMessagingSwift-Beta in Frameworks */,
				B75B6C8627C5993600C410C3 /* FirebaseStorage in Frameworks */,
				B75B6C6027C5993600C410C3 /* FirebaseAuthCombine-Community in Frameworks */,
				B75B6C5427C5993600C410C3 /* FirebaseAnalytics in Frameworks */,
				B75B6C7E27C5993600C410C3 /* FirebaseMessaging in Frameworks */,
				B75B6C7A27C5993600C410C3 /* FirebaseInstallations in Frameworks */,
			);
			runOnlyForDeploymentPostprocessing = 0;
		};
/* End PBXFrameworksBuildPhase section */

/* Begin PBXGroup section */
		B7B9165527C056AA007ACDE4 = {
			isa = PBXGroup;
			children = (
				B7B9166027C056AA007ACDE4 /* Kore */,
				B7B9165F27C056AA007ACDE4 /* Products */,
			);
			sourceTree = "<group>";
		};
		B7B9165F27C056AA007ACDE4 /* Products */ = {
			isa = PBXGroup;
			children = (
				B7B9165E27C056AA007ACDE4 /* Kore.app */,
			);
			name = Products;
			sourceTree = "<group>";
		};
		B7B9166027C056AA007ACDE4 /* Kore */ = {
			isa = PBXGroup;
			children = (
				B7D58CE827C58FA2005464E4 /* GoogleService-Info.plist */,
				B7B9166127C056AA007ACDE4 /* KoreApp.swift */,
				B7B9166327C056AA007ACDE4 /* ContentView.swift */,
				B7B9166527C056AC007ACDE4 /* Assets.xcassets */,
				B7B9166727C056AC007ACDE4 /* Preview Content */,
			);
			path = Kore;
			sourceTree = "<group>";
		};
		B7B9166727C056AC007ACDE4 /* Preview Content */ = {
			isa = PBXGroup;
			children = (
				B7B9166827C056AC007ACDE4 /* Preview Assets.xcassets */,
			);
			path = "Preview Content";
			sourceTree = "<group>";
		};
/* End PBXGroup section */

/* Begin PBXNativeTarget section */
		B7B9165D27C056AA007ACDE4 /* Kore */ = {
			isa = PBXNativeTarget;
			buildConfigurationList = B7B9166C27C056AC007ACDE4 /* Build configuration list for PBXNativeTarget "Kore" */;
			buildPhases = (
				B7B9165A27C056AA007ACDE4 /* Sources */,
				B7B9165B27C056AA007ACDE4 /* Frameworks */,
				B7B9165C27C056AA007ACDE4 /* Resources */,
			);
			buildRules = (
			);
			dependencies = (
			);
			name = Kore;
			packageProductDependencies = (
				B75B6C5327C5993600C410C3 /* FirebaseAnalytics */,
				B75B6C5527C5993600C410C3 /* FirebaseAnalyticsSwift-Beta */,
				B75B6C5727C5993600C410C3 /* FirebaseAnalyticsWithoutAdIdSupport */,
				B75B6C5927C5993600C410C3 /* FirebaseAppCheck */,
				B75B6C5B27C5993600C410C3 /* FirebaseAppDistribution-Beta */,
				B75B6C5D27C5993600C410C3 /* FirebaseAuth */,
				B75B6C5F27C5993600C410C3 /* FirebaseAuthCombine-Community */,
				B75B6C6127C5993600C410C3 /* FirebaseCrashlytics */,
				B75B6C6327C5993600C410C3 /* FirebaseDatabase */,
				B75B6C6527C5993600C410C3 /* FirebaseDatabaseSwift-Beta */,
				B75B6C6727C5993600C410C3 /* FirebaseDynamicLinks */,
				B75B6C6927C5993600C410C3 /* FirebaseFirestore */,
				B75B6C6B27C5993600C410C3 /* FirebaseFirestoreCombine-Community */,
				B75B6C6D27C5993600C410C3 /* FirebaseFirestoreSwift-Beta */,
				B75B6C6F27C5993600C410C3 /* FirebaseFunctions */,
				B75B6C7127C5993600C410C3 /* FirebaseFunctionsCombine-Community */,
				B75B6C7327C5993600C410C3 /* FirebaseFunctionsSwift-Beta */,
				B75B6C7527C5993600C410C3 /* FirebaseInAppMessaging-Beta */,
				B75B6C7727C5993600C410C3 /* FirebaseInAppMessagingSwift-Beta */,
				B75B6C7927C5993600C410C3 /* FirebaseInstallations */,
				B75B6C7B27C5993600C410C3 /* FirebaseMLModelDownloader */,
				B75B6C7D27C5993600C410C3 /* FirebaseMessaging */,
				B75B6C7F27C5993600C410C3 /* FirebasePerformance */,
				B75B6C8127C5993600C410C3 /* FirebaseRemoteConfig */,
				B75B6C8327C5993600C410C3 /* FirebaseRemoteConfigSwift-Beta */,
				B75B6C8527C5993600C410C3 /* FirebaseStorage */,
				B75B6C8727C5993600C410C3 /* FirebaseStorageCombine-Community */,
				B75B6C8927C5993600C410C3 /* FirebaseStorageSwift-Beta */,
			);
			productName = Kore;
			productReference = B7B9165E27C056AA007ACDE4 /* Kore.app */;
			productType = "com.apple.product-type.application";
		};
/* End PBXNativeTarget section */

/* Begin PBXProject section */
		B7B9165627C056AA007ACDE4 /* Project object */ = {
			isa = PBXProject;
			attributes = {
				BuildIndependentTargetsInParallel = 1;
				LastSwiftUpdateCheck = 1320;
				LastUpgradeCheck = 1320;
				TargetAttributes = {
					B7B9165D27C056AA007ACDE4 = {
						CreatedOnToolsVersion = 13.2.1;
					};
				};
			};
			buildConfigurationList = B7B9165927C056AA007ACDE4 /* Build configuration list for PBXProject "Kore" */;
			compatibilityVersion = "Xcode 13.0";
			developmentRegion = en;
			hasScannedForEncodings = 0;
			knownRegions = (
				en,
				Base,
			);
			mainGroup = B7B9165527C056AA007ACDE4;
			packageReferences = (
				B75B6C5227C5993600C410C3 /* XCRemoteSwiftPackageReference "firebase-ios-sdk" */,
			);
			productRefGroup = B7B9165F27C056AA007ACDE4 /* Products */;
			projectDirPath = "";
			projectRoot = "";
			targets = (
				B7B9165D27C056AA007ACDE4 /* Kore */,
			);
		};
/* End PBXProject section */

/* Begin PBXResourcesBuildPhase section */
		B7B9165C27C056AA007ACDE4 /* Resources */ = {
			isa = PBXResourcesBuildPhase;
			buildActionMask = 2147483647;
			files = (
				B7B9166927C056AC007ACDE4 /* Preview Assets.xcassets in Resources */,
				B7B9166627C056AC007ACDE4 /* Assets.xcassets in Resources */,
				B7D58CE927C58FA2005464E4 /* GoogleService-Info.plist in Resources */,
			);
			runOnlyForDeploymentPostprocessing = 0;
		};
/* End PBXResourcesBuildPhase section */

/* Begin PBXSourcesBuildPhase section */
		B7B9165A27C056AA007ACDE4 /* Sources */ = {
			isa = PBXSourcesBuildPhase;
			buildActionMask = 2147483647;
			files = (
				B7B9166427C056AA007ACDE4 /* ContentView.swift in Sources */,
				B7B9166227C056AA007ACDE4 /* KoreApp.swift in Sources */,
			);
			runOnlyForDeploymentPostprocessing = 0;
		};
/* End PBXSourcesBuildPhase section */

/* Begin XCBuildConfiguration section */
		B7B9166A27C056AC007ACDE4 /* Debug */ = {
			isa = XCBuildConfiguration;
			buildSettings = {
				ALWAYS_SEARCH_USER_PATHS = NO;
				CLANG_ANALYZER_NONNULL = YES;
				CLANG_ANALYZER_NUMBER_OBJECT_CONVERSION = YES_AGGRESSIVE;
				CLANG_CXX_LANGUAGE_STANDARD = "gnu++17";
				CLANG_CXX_LIBRARY = "libc++";
				CLANG_ENABLE_MODULES = YES;
				CLANG_ENABLE_OBJC_ARC = YES;
				CLANG_ENABLE_OBJC_WEAK = YES;
				CLANG_WARN_BLOCK_CAPTURE_AUTORELEASING = YES;
				CLANG_WARN_BOOL_CONVERSION = YES;
				CLANG_WARN_COMMA = YES;
				CLANG_WARN_CONSTANT_CONVERSION = YES;
				CLANG_WARN_DEPRECATED_OBJC_IMPLEMENTATIONS = YES;
				CLANG_WARN_DIRECT_OBJC_ISA_USAGE = YES_ERROR;
				CLANG_WARN_DOCUMENTATION_COMMENTS = YES;
				CLANG_WARN_EMPTY_BODY = YES;
				CLANG_WARN_ENUM_CONVERSION = YES;
				CLANG_WARN_INFINITE_RECURSION = YES;
				CLANG_WARN_INT_CONVERSION = YES;
				CLANG_WARN_NON_LITERAL_NULL_CONVERSION = YES;
				CLANG_WARN_OBJC_IMPLICIT_RETAIN_SELF = YES;
				CLANG_WARN_OBJC_LITERAL_CONVERSION = YES;
				CLANG_WARN_OBJC_ROOT_CLASS = YES_ERROR;
				CLANG_WARN_QUOTED_INCLUDE_IN_FRAMEWORK_HEADER = YES;
				CLANG_WARN_RANGE_LOOP_ANALYSIS = YES;
				CLANG_WARN_STRICT_PROTOTYPES = YES;
				CLANG_WARN_SUSPICIOUS_MOVE = YES;
				CLANG_WARN_UNGUARDED_AVAILABILITY = YES_AGGRESSIVE;
				CLANG_WARN_UNREACHABLE_CODE = YES;
				CLANG_WARN__DUPLICATE_METHOD_MATCH = YES;
				COPY_PHASE_STRIP = NO;
				DEBUG_INFORMATION_FORMAT = dwarf;
				ENABLE_STRICT_OBJC_MSGSEND = YES;
				ENABLE_TESTABILITY = YES;
				GCC_C_LANGUAGE_STANDARD = gnu11;
				GCC_DYNAMIC_NO_PIC = NO;
				GCC_NO_COMMON_BLOCKS = YES;
				GCC_OPTIMIZATION_LEVEL = 0;
				GCC_PREPROCESSOR_DEFINITIONS = (
					"DEBUG=1",
					"$(inherited)",
				);
				GCC_WARN_64_TO_32_BIT_CONVERSION = YES;
				GCC_WARN_ABOUT_RETURN_TYPE = YES_ERROR;
				GCC_WARN_UNDECLARED_SELECTOR = YES;
				GCC_WARN_UNINITIALIZED_AUTOS = YES_AGGRESSIVE;
				GCC_WARN_UNUSED_FUNCTION = YES;
				GCC_WARN_UNUSED_VARIABLE = YES;
				IPHONEOS_DEPLOYMENT_TARGET = 15.2;
				MTL_ENABLE_DEBUG_INFO = INCLUDE_SOURCE;
				MTL_FAST_MATH = YES;
				ONLY_ACTIVE_ARCH = YES;
				SDKROOT = iphoneos;
				SWIFT_ACTIVE_COMPILATION_CONDITIONS = DEBUG;
				SWIFT_OPTIMIZATION_LEVEL = "-Onone";
			};
			name = Debug;
		};
		B7B9166B27C056AC007ACDE4 /* Release */ = {
			isa = XCBuildConfiguration;
			buildSettings = {
				ALWAYS_SEARCH_USER_PATHS = NO;
				CLANG_ANALYZER_NONNULL = YES;
				CLANG_ANALYZER_NUMBER_OBJECT_CONVERSION = YES_AGGRESSIVE;
				CLANG_CXX_LANGUAGE_STANDARD = "gnu++17";
				CLANG_CXX_LIBRARY = "libc++";
				CLANG_ENABLE_MODULES = YES;
				CLANG_ENABLE_OBJC_ARC = YES;
				CLANG_ENABLE_OBJC_WEAK = YES;
				CLANG_WARN_BLOCK_CAPTURE_AUTORELEASING = YES;
				CLANG_WARN_BOOL_CONVERSION = YES;
				CLANG_WARN_COMMA = YES;
				CLANG_WARN_CONSTANT_CONVERSION = YES;
				CLANG_WARN_DEPRECATED_OBJC_IMPLEMENTATIONS = YES;
				CLANG_WARN_DIRECT_OBJC_ISA_USAGE = YES_ERROR;
				CLANG_WARN_DOCUMENTATION_COMMENTS = YES;
				CLANG_WARN_EMPTY_BODY = YES;
				CLANG_WARN_ENUM_CONVERSION = YES;
				CLANG_WARN_INFINITE_RECURSION = YES;
				CLANG_WARN_INT_CONVERSION = YES;
				CLANG_WARN_NON_LITERAL_NULL_CONVERSION = YES;
				CLANG_WARN_OBJC_IMPLICIT_RETAIN_SELF = YES;
				CLANG_WARN_OBJC_LITERAL_CONVERSION = YES;
				CLANG_WARN_OBJC_ROOT_CLASS = YES_ERROR;
				CLANG_WARN_QUOTED_INCLUDE_IN_FRAMEWORK_HEADER = YES;
				CLANG_WARN_RANGE_LOOP_ANALYSIS = YES;
				CLANG_WARN_STRICT_PROTOTYPES = YES;
				CLANG_WARN_SUSPICIOUS_MOVE = YES;
				CLANG_WARN_UNGUARDED_AVAILABILITY = YES_AGGRESSIVE;
				CLANG_WARN_UNREACHABLE_CODE = YES;
				CLANG_WARN__DUPLICATE_METHOD_MATCH = YES;
				COPY_PHASE_STRIP = NO;
				DEBUG_INFORMATION_FORMAT = "dwarf-with-dsym";
				ENABLE_NS_ASSERTIONS = NO;
				ENABLE_STRICT_OBJC_MSGSEND = YES;
				GCC_C_LANGUAGE_STANDARD = gnu11;
				GCC_NO_COMMON_BLOCKS = YES;
				GCC_WARN_64_TO_32_BIT_CONVERSION = YES;
				GCC_WARN_ABOUT_RETURN_TYPE = YES_ERROR;
				GCC_WARN_UNDECLARED_SELECTOR = YES;
				GCC_WARN_UNINITIALIZED_AUTOS = YES_AGGRESSIVE;
				GCC_WARN_UNUSED_FUNCTION = YES;
				GCC_WARN_UNUSED_VARIABLE = YES;
				IPHONEOS_DEPLOYMENT_TARGET = 15.2;
				MTL_ENABLE_DEBUG_INFO = NO;
				MTL_FAST_MATH = YES;
				SDKROOT = iphoneos;
				SWIFT_COMPILATION_MODE = wholemodule;
				SWIFT_OPTIMIZATION_LEVEL = "-O";
				VALIDATE_PRODUCT = YES;
			};
			name = Release;
		};
		B7B9166D27C056AC007ACDE4 /* Debug */ = {
			isa = XCBuildConfiguration;
			buildSettings = {
				ASSETCATALOG_COMPILER_APPICON_NAME = AppIcon;
				ASSETCATALOG_COMPILER_GLOBAL_ACCENT_COLOR_NAME = AccentColor;
				CODE_SIGN_STYLE = Automatic;
				CURRENT_PROJECT_VERSION = 1;
				DEVELOPMENT_ASSET_PATHS = "\"Kore/Preview Content\"";
				DEVELOPMENT_TEAM = 9DB23BX9MM;
				ENABLE_PREVIEWS = YES;
				GENERATE_INFOPLIST_FILE = YES;
				INFOPLIST_KEY_UIApplicationSceneManifest_Generation = YES;
				INFOPLIST_KEY_UIApplicationSupportsIndirectInputEvents = YES;
				INFOPLIST_KEY_UILaunchScreen_Generation = YES;
				INFOPLIST_KEY_UISupportedInterfaceOrientations_iPad = "UIInterfaceOrientationPortrait UIInterfaceOrientationPortraitUpsideDown UIInterfaceOrientationLandscapeLeft UIInterfaceOrientationLandscapeRight";
				INFOPLIST_KEY_UISupportedInterfaceOrientations_iPhone = "UIInterfaceOrientationPortrait UIInterfaceOrientationLandscapeLeft UIInterfaceOrientationLandscapeRight";
				LD_RUNPATH_SEARCH_PATHS = (
					"$(inherited)",
					"@executable_path/Frameworks",
				);
				MARKETING_VERSION = 1.0;
				PRODUCT_BUNDLE_IDENTIFIER = kadinsayani.Kore;
				PRODUCT_NAME = "$(TARGET_NAME)";
				SWIFT_EMIT_LOC_STRINGS = YES;
				SWIFT_VERSION = 5.0;
				TARGETED_DEVICE_FAMILY = "1,2";
			};
			name = Debug;
		};
		B7B9166E27C056AC007ACDE4 /* Release */ = {
			isa = XCBuildConfiguration;
			buildSettings = {
				ASSETCATALOG_COMPILER_APPICON_NAME = AppIcon;
				ASSETCATALOG_COMPILER_GLOBAL_ACCENT_COLOR_NAME = AccentColor;
				CODE_SIGN_STYLE = Automatic;
				CURRENT_PROJECT_VERSION = 1;
				DEVELOPMENT_ASSET_PATHS = "\"Kore/Preview Content\"";
				DEVELOPMENT_TEAM = 9DB23BX9MM;
				ENABLE_PREVIEWS = YES;
				GENERATE_INFOPLIST_FILE = YES;
				INFOPLIST_KEY_UIApplicationSceneManifest_Generation = YES;
				INFOPLIST_KEY_UIApplicationSupportsIndirectInputEvents = YES;
				INFOPLIST_KEY_UILaunchScreen_Generation = YES;
				INFOPLIST_KEY_UISupportedInterfaceOrientations_iPad = "UIInterfaceOrientationPortrait UIInterfaceOrientationPortraitUpsideDown UIInterfaceOrientationLandscapeLeft UIInterfaceOrientationLandscapeRight";
				INFOPLIST_KEY_UISupportedInterfaceOrientations_iPhone = "UIInterfaceOrientationPortrait UIInterfaceOrientationLandscapeLeft UIInterfaceOrientationLandscapeRight";
				LD_RUNPATH_SEARCH_PATHS = (
					"$(inherited)",
					"@executable_path/Frameworks",
				);
				MARKETING_VERSION = 1.0;
				PRODUCT_BUNDLE_IDENTIFIER = kadinsayani.Kore;
				PRODUCT_NAME = "$(TARGET_NAME)";
				SWIFT_EMIT_LOC_STRINGS = YES;
				SWIFT_VERSION = 5.0;
				TARGETED_DEVICE_FAMILY = "1,2";
			};
			name = Release;
		};
/* End XCBuildConfiguration section */

/* Begin XCConfigurationList section */
		B7B9165927C056AA007ACDE4 /* Build configuration list for PBXProject "Kore" */ = {
			isa = XCConfigurationList;
			buildConfigurations = (
				B7B9166A27C056AC007ACDE4 /* Debug */,
				B7B9166B27C056AC007ACDE4 /* Release */,
			);
			defaultConfigurationIsVisible = 0;
			defaultConfigurationName = Release;
		};
		B7B9166C27C056AC007ACDE4 /* Build configuration list for PBXNativeTarget "Kore" */ = {
			isa = XCConfigurationList;
			buildConfigurations = (
				B7B9166D27C056AC007ACDE4 /* Debug */,
				B7B9166E27C056AC007ACDE4 /* Release */,
			);
			defaultConfigurationIsVisible = 0;
			defaultConfigurationName = Release;
		};
/* End XCConfigurationList section */

/* Begin XCRemoteSwiftPackageReference section */
		B75B6C5227C5993600C410C3 /* XCRemoteSwiftPackageReference "firebase-ios-sdk" */ = {
			isa = XCRemoteSwiftPackageReference;
			repositoryURL = "https://github.com/firebase/firebase-ios-sdk";
			requirement = {
				kind = upToNextMajorVersion;
				minimumVersion = 8.0.0;
			};
		};
/* End XCRemoteSwiftPackageReference section */

/* Begin XCSwiftPackageProductDependency section */
		B75B6C5327C5993600C410C3 /* FirebaseAnalytics */ = {
			isa = XCSwiftPackageProductDependency;
			package = B75B6C5227C5993600C410C3 /* XCRemoteSwiftPackageReference "firebase-ios-sdk" */;
			productName = FirebaseAnalytics;
		};
		B75B6C5527C5993600C410C3 /* FirebaseAnalyticsSwift-Beta */ = {
			isa = XCSwiftPackageProductDependency;
			package = B75B6C5227C5993600C410C3 /* XCRemoteSwiftPackageReference "firebase-ios-sdk" */;
			productName = "FirebaseAnalyticsSwift-Beta";
		};
		B75B6C5727C5993600C410C3 /* FirebaseAnalyticsWithoutAdIdSupport */ = {
			isa = XCSwiftPackageProductDependency;
			package = B75B6C5227C5993600C410C3 /* XCRemoteSwiftPackageReference "firebase-ios-sdk" */;
			productName = FirebaseAnalyticsWithoutAdIdSupport;
		};
		B75B6C5927C5993600C410C3 /* FirebaseAppCheck */ = {
			isa = XCSwiftPackageProductDependency;
			package = B75B6C5227C5993600C410C3 /* XCRemoteSwiftPackageReference "firebase-ios-sdk" */;
			productName = FirebaseAppCheck;
		};
		B75B6C5B27C5993600C410C3 /* FirebaseAppDistribution-Beta */ = {
			isa = XCSwiftPackageProductDependency;
			package = B75B6C5227C5993600C410C3 /* XCRemoteSwiftPackageReference "firebase-ios-sdk" */;
			productName = "FirebaseAppDistribution-Beta";
		};
		B75B6C5D27C5993600C410C3 /* FirebaseAuth */ = {
			isa = XCSwiftPackageProductDependency;
			package = B75B6C5227C5993600C410C3 /* XCRemoteSwiftPackageReference "firebase-ios-sdk" */;
			productName = FirebaseAuth;
		};
		B75B6C5F27C5993600C410C3 /* FirebaseAuthCombine-Community */ = {
			isa = XCSwiftPackageProductDependency;
			package = B75B6C5227C5993600C410C3 /* XCRemoteSwiftPackageReference "firebase-ios-sdk" */;
			productName = "FirebaseAuthCombine-Community";
		};
		B75B6C6127C5993600C410C3 /* FirebaseCrashlytics */ = {
			isa = XCSwiftPackageProductDependency;
			package = B75B6C5227C5993600C410C3 /* XCRemoteSwiftPackageReference "firebase-ios-sdk" */;
			productName = FirebaseCrashlytics;
		};
		B75B6C6327C5993600C410C3 /* FirebaseDatabase */ = {
			isa = XCSwiftPackageProductDependency;
			package = B75B6C5227C5993600C410C3 /* XCRemoteSwiftPackageReference "firebase-ios-sdk" */;
			productName = FirebaseDatabase;
		};
		B75B6C6527C5993600C410C3 /* FirebaseDatabaseSwift-Beta */ = {
			isa = XCSwiftPackageProductDependency;
			package = B75B6C5227C5993600C410C3 /* XCRemoteSwiftPackageReference "firebase-ios-sdk" */;
			productName = "FirebaseDatabaseSwift-Beta";
		};
		B75B6C6727C5993600C410C3 /* FirebaseDynamicLinks */ = {
			isa = XCSwiftPackageProductDependency;
			package = B75B6C5227C5993600C410C3 /* XCRemoteSwiftPackageReference "firebase-ios-sdk" */;
			productName = FirebaseDynamicLinks;
		};
		B75B6C6927C5993600C410C3 /* FirebaseFirestore */ = {
			isa = XCSwiftPackageProductDependency;
			package = B75B6C5227C5993600C410C3 /* XCRemoteSwiftPackageReference "firebase-ios-sdk" */;
			productName = FirebaseFirestore;
		};
		B75B6C6B27C5993600C410C3 /* FirebaseFirestoreCombine-Community */ = {
			isa = XCSwiftPackageProductDependency;
			package = B75B6C5227C5993600C410C3 /* XCRemoteSwiftPackageReference "firebase-ios-sdk" */;
			productName = "FirebaseFirestoreCombine-Community";
		};
		B75B6C6D27C5993600C410C3 /* FirebaseFirestoreSwift-Beta */ = {
			isa = XCSwiftPackageProductDependency;
			package = B75B6C5227C5993600C410C3 /* XCRemoteSwiftPackageReference "firebase-ios-sdk" */;
			productName = "FirebaseFirestoreSwift-Beta";
		};
		B75B6C6F27C5993600C410C3 /* FirebaseFunctions */ = {
			isa = XCSwiftPackageProductDependency;
			package = B75B6C5227C5993600C410C3 /* XCRemoteSwiftPackageReference "firebase-ios-sdk" */;
			productName = FirebaseFunctions;
		};
		B75B6C7127C5993600C410C3 /* FirebaseFunctionsCombine-Community */ = {
			isa = XCSwiftPackageProductDependency;
			package = B75B6C5227C5993600C410C3 /* XCRemoteSwiftPackageReference "firebase-ios-sdk" */;
			productName = "FirebaseFunctionsCombine-Community";
		};
		B75B6C7327C5993600C410C3 /* FirebaseFunctionsSwift-Beta */ = {
			isa = XCSwiftPackageProductDependency;
			package = B75B6C5227C5993600C410C3 /* XCRemoteSwiftPackageReference "firebase-ios-sdk" */;
			productName = "FirebaseFunctionsSwift-Beta";
		};
		B75B6C7527C5993600C410C3 /* FirebaseInAppMessaging-Beta */ = {
			isa = XCSwiftPackageProductDependency;
			package = B75B6C5227C5993600C410C3 /* XCRemoteSwiftPackageReference "firebase-ios-sdk" */;
			productName = "FirebaseInAppMessaging-Beta";
		};
		B75B6C7727C5993600C410C3 /* FirebaseInAppMessagingSwift-Beta */ = {
			isa = XCSwiftPackageProductDependency;
			package = B75B6C5227C5993600C410C3 /* XCRemoteSwiftPackageReference "firebase-ios-sdk" */;
			productName = "FirebaseInAppMessagingSwift-Beta";
		};
		B75B6C7927C5993600C410C3 /* FirebaseInstallations */ = {
			isa = XCSwiftPackageProductDependency;
			package = B75B6C5227C5993600C410C3 /* XCRemoteSwiftPackageReference "firebase-ios-sdk" */;
			productName = FirebaseInstallations;
		};
		B75B6C7B27C5993600C410C3 /* FirebaseMLModelDownloader */ = {
			isa = XCSwiftPackageProductDependency;
			package = B75B6C5227C5993600C410C3 /* XCRemoteSwiftPackageReference "firebase-ios-sdk" */;
			productName = FirebaseMLModelDownloader;
		};
		B75B6C7D27C5993600C410C3 /* FirebaseMessaging */ = {
			isa = XCSwiftPackageProductDependency;
			package = B75B6C5227C5993600C410C3 /* XCRemoteSwiftPackageReference "firebase-ios-sdk" */;
			productName = FirebaseMessaging;
		};
		B75B6C7F27C5993600C410C3 /* FirebasePerformance */ = {
			isa = XCSwiftPackageProductDependency;
			package = B75B6C5227C5993600C410C3 /* XCRemoteSwiftPackageReference "firebase-ios-sdk" */;
			productName = FirebasePerformance;
		};
		B75B6C8127C5993600C410C3 /* FirebaseRemoteConfig */ = {
			isa = XCSwiftPackageProductDependency;
			package = B75B6C5227C5993600C410C3 /* XCRemoteSwiftPackageReference "firebase-ios-sdk" */;
			productName = FirebaseRemoteConfig;
		};
		B75B6C8327C5993600C410C3 /* FirebaseRemoteConfigSwift-Beta */ = {
			isa = XCSwiftPackageProductDependency;
			package = B75B6C5227C5993600C410C3 /* XCRemoteSwiftPackageReference "firebase-ios-sdk" */;
			productName = "FirebaseRemoteConfigSwift-Beta";
		};
		B75B6C8527C5993600C410C3 /* FirebaseStorage */ = {
			isa = XCSwiftPackageProductDependency;
			package = B75B6C5227C5993600C410C3 /* XCRemoteSwiftPackageReference "firebase-ios-sdk" */;
			productName = FirebaseStorage;
		};
		B75B6C8727C5993600C410C3 /* FirebaseStorageCombine-Community */ = {
			isa = XCSwiftPackageProductDependency;
			package = B75B6C5227C5993600C410C3 /* XCRemoteSwiftPackageReference "firebase-ios-sdk" */;
			productName = "FirebaseStorageCombine-Community";
		};
		B75B6C8927C5993600C410C3 /* FirebaseStorageSwift-Beta */ = {
			isa = XCSwiftPackageProductDependency;
			package = B75B6C5227C5993600C410C3 /* XCRemoteSwiftPackageReference "firebase-ios-sdk" */;
			productName = "FirebaseStorageSwift-Beta";
		};
/* End XCSwiftPackageProductDependency section */
	};
	rootObject = B7B9165627C056AA007ACDE4 /* Project object */;
}
